PODS:
  - CocoaAsyncSocket (7.6.1)
  - CocoaLumberjack (3.3.0):
    - CocoaLumberjack/Default (= 3.3.0)
    - CocoaLumberjack/Extensions (= 3.3.0)
  - CocoaLumberjack/Default (3.3.0)
  - CocoaLumberjack/Extensions (3.3.0):
    - CocoaLumberjack/Default
  - KissXML (5.2.0)
  - libidn (1.33)
  - MBProgressHUD (1.0.0)
  - XMPPFramework (3.7.0):
    - CocoaAsyncSocket (~> 7.6.0)
    - CocoaLumberjack
    - KissXML (~> 5.2.0)
    - libidn (~> 1.33.0)

DEPENDENCIES:
  - MBProgressHUD
  - XMPPFramework (from `https://github.com/robbiehanson/XMPPFramework.git`, branch `master`)

EXTERNAL SOURCES:
  XMPPFramework:
    :branch: master
    :git: https://github.com/robbiehanson/XMPPFramework.git

CHECKOUT OPTIONS:
  XMPPFramework:
    :commit: 9d30fd5baf05c6d29c198b6d2df227df122f4007
    :git: https://github.com/robbiehanson/XMPPFramework.git

SPEC CHECKSUMS:
  CocoaAsyncSocket: 7eadd3f59e1a6c84e2aefc93e9ff7b55156fe174
  CocoaLumberjack: 3c8c74683302f9012bb168e1c4b7ae3c0b558431
  KissXML: 1c1eeeb6b94e4522cd2f2373e5d0d03c9227738f
  libidn: 90fc1a62b60288dcf543f13f4ebca913f17d829f
  MBProgressHUD: 4890f671c94e8a0f3cf959aa731e9de2f036d71a
  XMPPFramework: 164ed2ce99e3eb2f358e9f5ca5eeaa8d75339fde

PODFILE CHECKSUM: a51f657b851862844a248bcd5412db0360b9dc92

COCOAPODS: 1.3.1
